
Microsoft Visual Studio Solution File, Format Version 12.00
# Visual Studio Version 17
VisualStudioVersion = 17.9.34616.47
MinimumVisualStudioVersion = 10.0.40219.1
Project("{FAE04EC0-301F-11D3-BF4B-00C04F79EFBC}") = "CRUD", "CRUD\CRUD.csproj", "{C74E12EB-1E8B-4215-9554-E12BD6B9C4FA}"
EndProject
Global
	GlobalSection(SolutionConfigurationPlatforms) = preSolution
		Debug|Any CPU = Debug|Any CPU
		Release|Any CPU = Release|Any CPU
	EndGlobalSection
	GlobalSection(ProjectConfigurationPlatforms) = postSolution
		{C74E12EB-1E8B-4215-9554-E12BD6B9C4FA}.Debug|Any CPU.ActiveCfg = Debug|Any CPU
		{C74E12EB-1E8B-4215-9554-E12BD6B9C4FA}.Debug|Any CPU.Build.0 = Debug|Any CPU
		{C74E12EB-1E8B-4215-9554-E12BD6B9C4FA}.Release|Any CPU.ActiveCfg = Release|Any CPU
		{C74E12EB-1E8B-4215-9554-E12BD6B9C4FA}.Release|Any CPU.Build.0 = Release|Any CPU
	EndGlobalSection
	GlobalSection(SolutionProperties) = preSolution
		HideSolutionNode = FALSE
	EndGlobalSection
	GlobalSection(ExtensibilityGlobals) = postSolution
		SolutionGuid = {5C77F607-DE47-4B76-A14F-CB2EE8C4721A}
	EndGlobalSection
EndGlobal
